# THIS IS AN AUTOGENERATED FILE. DO NOT EDIT THIS FILE DIRECTLY.
# yarn lockfile v1


ohm-js@^17.1.0:
  version "17.1.0"
  resolved "https://registry.yarnpkg.com/ohm-js/-/ohm-js-17.1.0.tgz#50d8e08f69d7909931998d75202d35e2a90c8885"
  integrity sha512-xc3B5dgAjTBQGHaH7B58M2Pmv6WvzrJ/3/7LeUzXNg0/sY3jQPdSd/S2SstppaleO77rifR1tyhdfFGNIwxf2Q==
